
Microsoft Visual Studio Solution File, Format Version 12.00
# Visual Studio Version 17
VisualStudioVersion = 17.4.33110.190
MinimumVisualStudioVersion = 10.0.40219.1
Project("{FAE04EC0-301F-11D3-BF4B-00C04F79EFBC}") = "Priprema_petlje3", "Priprema_petlje3\Priprema_petlje3.csproj", "{551A904F-2641-4955-A557-A57DD6E9F110}"
EndProject
Global
	GlobalSection(SolutionConfigurationPlatforms) = preSolution
		Debug|Any CPU = Debug|Any CPU
		Release|Any CPU = Release|Any CPU
	EndGlobalSection
	GlobalSection(ProjectConfigurationPlatforms) = postSolution
		{551A904F-2641-4955-A557-A57DD6E9F110}.Debug|Any CPU.ActiveCfg = Debug|Any CPU
		{551A904F-2641-4955-A557-A57DD6E9F110}.Debug|Any CPU.Build.0 = Debug|Any CPU
		{551A904F-2641-4955-A557-A57DD6E9F110}.Release|Any CPU.ActiveCfg = Release|Any CPU
		{551A904F-2641-4955-A557-A57DD6E9F110}.Release|Any CPU.Build.0 = Release|Any CPU
	EndGlobalSection
	GlobalSection(SolutionProperties) = preSolution
		HideSolutionNode = FALSE
	EndGlobalSection
	GlobalSection(ExtensibilityGlobals) = postSolution
		SolutionGuid = {6AB98875-E41D-4558-B235-914EDB055F12}
	EndGlobalSection
EndGlobal
